
Microsoft Visual Studio Solution File, Format Version 12.00
# Visual Studio 2017
Project("{FAE04EC0-301F-11D3-BF4B-00C04F79EFBC}") = "FFVIIRemakeCaseStudy", "FFVIIRemakeCaseStudy.csproj", "{AEDE3A33-A2D3-0E11-9D47-F4838A2A42FE}"
EndProject
Project("{FAE04EC0-301F-11D3-BF4B-00C04F79EFBC}") = "FFVIIRemakeCaseStudy.Editor", "FFVIIRemakeCaseStudy.Editor.csproj", "{9CC240AA-C6A2-E0AE-B727-958410B7C470}"
EndProject
Global
	GlobalSection(SolutionConfigurationPlatforms) = preSolution
		Debug|Any CPU = Debug|Any CPU
		Release|Any CPU = Release|Any CPU
	EndGlobalSection
	GlobalSection(ProjectConfigurationPlatforms) = postSolution
		{AEDE3A33-A2D3-0E11-9D47-F4838A2A42FE}.Debug|Any CPU.ActiveCfg = Debug|Any CPU
		{AEDE3A33-A2D3-0E11-9D47-F4838A2A42FE}.Debug|Any CPU.Build.0 = Debug|Any CPU
		{AEDE3A33-A2D3-0E11-9D47-F4838A2A42FE}.Release|Any CPU.ActiveCfg = Release|Any CPU
		{AEDE3A33-A2D3-0E11-9D47-F4838A2A42FE}.Release|Any CPU.Build.0 = Release|Any CPU
		{9CC240AA-C6A2-E0AE-B727-958410B7C470}.Debug|Any CPU.ActiveCfg = Debug|Any CPU
		{9CC240AA-C6A2-E0AE-B727-958410B7C470}.Debug|Any CPU.Build.0 = Debug|Any CPU
		{9CC240AA-C6A2-E0AE-B727-958410B7C470}.Release|Any CPU.ActiveCfg = Release|Any CPU
		{9CC240AA-C6A2-E0AE-B727-958410B7C470}.Release|Any CPU.Build.0 = Release|Any CPU
	EndGlobalSection
	GlobalSection(SolutionProperties) = preSolution
		HideSolutionNode = FALSE
	EndGlobalSection
EndGlobal
