
Microsoft Visual Studio Solution File, Format Version 12.00
# Visual Studio 15
Project("{FAE04EC0-301F-11D3-BF4B-00C04F79EFBC}") = "Assembly-CSharp", "Assembly-CSharp.csproj", "{1770AEF0-3BDA-FF01-2B09-28163A4B0F5F}"
EndProject
Project("{FAE04EC0-301F-11D3-BF4B-00C04F79EFBC}") = "Assembly-CSharp-Editor", "Assembly-CSharp-Editor.csproj", "{4C232F03-6D54-F8A5-A631-4D556C14582C}"
EndProject
Global
	GlobalSection(SolutionConfigurationPlatforms) = preSolution
		Debug|Any CPU = Debug|Any CPU
		Release|Any CPU = Release|Any CPU
	EndGlobalSection
	GlobalSection(ProjectConfigurationPlatforms) = postSolution
		{1770AEF0-3BDA-FF01-2B09-28163A4B0F5F}.Debug|Any CPU.ActiveCfg = Debug|Any CPU
		{1770AEF0-3BDA-FF01-2B09-28163A4B0F5F}.Debug|Any CPU.Build.0 = Debug|Any CPU
		{1770AEF0-3BDA-FF01-2B09-28163A4B0F5F}.Release|Any CPU.ActiveCfg = Release|Any CPU
		{1770AEF0-3BDA-FF01-2B09-28163A4B0F5F}.Release|Any CPU.Build.0 = Release|Any CPU
		{4C232F03-6D54-F8A5-A631-4D556C14582C}.Debug|Any CPU.ActiveCfg = Debug|Any CPU
		{4C232F03-6D54-F8A5-A631-4D556C14582C}.Debug|Any CPU.Build.0 = Debug|Any CPU
		{4C232F03-6D54-F8A5-A631-4D556C14582C}.Release|Any CPU.ActiveCfg = Release|Any CPU
		{4C232F03-6D54-F8A5-A631-4D556C14582C}.Release|Any CPU.Build.0 = Release|Any CPU
	EndGlobalSection
	GlobalSection(SolutionProperties) = preSolution
		HideSolutionNode = FALSE
	EndGlobalSection
EndGlobal
